
Microsoft Visual Studio Solution File, Format Version 12.00
# Visual Studio Version 17
VisualStudioVersion = 17.0.31903.59
MinimumVisualStudioVersion = 10.0.40219.1
Project("{2150E333-8FDC-42A3-9474-1A3956D46DE8}") = "src", "src", "{9DE13495-3EF5-48B4-92EE-ABCC7880D58C}"
EndProject
Project("{FAE04EC0-301F-11D3-BF4B-00C04F79EFBC}") = "JobTracker.API", "src\JobTracker.API\JobTracker.API.csproj", "{CC510D38-22E3-4A9B-9A7F-4EBC9837516F}"
EndProject
Project("{FAE04EC0-301F-11D3-BF4B-00C04F79EFBC}") = "Jobtracker.domain", "src\JobTracker.Domain\Jobtracker.domain.csproj", "{3DBE8826-3270-45DA-A5DB-8C0C5F5CB427}"
EndProject
Project("{FAE04EC0-301F-11D3-BF4B-00C04F79EFBC}") = "jobtracker.infrastructure", "src\jobtracker.infrastructure\jobtracker.infrastructure.csproj", "{E5ED6D98-A494-4C8A-875B-7A42FE3EF6A2}"
EndProject
Project("{2150E333-8FDC-42A3-9474-1A3956D46DE8}") = "tests", "tests", "{B490B38E-120E-4896-B0EC-B00B8E63453F}"
EndProject
Project("{FAE04EC0-301F-11D3-BF4B-00C04F79EFBC}") = "jobtracker.tests", "tests\jobtracker.tests\jobtracker.tests.csproj", "{6B404E3A-BF4A-44A2-B491-C3A1D0729FAF}"
EndProject
Global
	GlobalSection(SolutionConfigurationPlatforms) = preSolution
		Debug|Any CPU = Debug|Any CPU
		Release|Any CPU = Release|Any CPU
	EndGlobalSection
	GlobalSection(SolutionProperties) = preSolution
		HideSolutionNode = FALSE
	EndGlobalSection
	GlobalSection(ProjectConfigurationPlatforms) = postSolution
		{CC510D38-22E3-4A9B-9A7F-4EBC9837516F}.Debug|Any CPU.ActiveCfg = Debug|Any CPU
		{CC510D38-22E3-4A9B-9A7F-4EBC9837516F}.Debug|Any CPU.Build.0 = Debug|Any CPU
		{CC510D38-22E3-4A9B-9A7F-4EBC9837516F}.Release|Any CPU.ActiveCfg = Release|Any CPU
		{CC510D38-22E3-4A9B-9A7F-4EBC9837516F}.Release|Any CPU.Build.0 = Release|Any CPU
		{3DBE8826-3270-45DA-A5DB-8C0C5F5CB427}.Debug|Any CPU.ActiveCfg = Debug|Any CPU
		{3DBE8826-3270-45DA-A5DB-8C0C5F5CB427}.Debug|Any CPU.Build.0 = Debug|Any CPU
		{3DBE8826-3270-45DA-A5DB-8C0C5F5CB427}.Release|Any CPU.ActiveCfg = Release|Any CPU
		{3DBE8826-3270-45DA-A5DB-8C0C5F5CB427}.Release|Any CPU.Build.0 = Release|Any CPU
		{E5ED6D98-A494-4C8A-875B-7A42FE3EF6A2}.Debug|Any CPU.ActiveCfg = Debug|Any CPU
		{E5ED6D98-A494-4C8A-875B-7A42FE3EF6A2}.Debug|Any CPU.Build.0 = Debug|Any CPU
		{E5ED6D98-A494-4C8A-875B-7A42FE3EF6A2}.Release|Any CPU.ActiveCfg = Release|Any CPU
		{E5ED6D98-A494-4C8A-875B-7A42FE3EF6A2}.Release|Any CPU.Build.0 = Release|Any CPU
		{6B404E3A-BF4A-44A2-B491-C3A1D0729FAF}.Debug|Any CPU.ActiveCfg = Debug|Any CPU
		{6B404E3A-BF4A-44A2-B491-C3A1D0729FAF}.Debug|Any CPU.Build.0 = Debug|Any CPU
		{6B404E3A-BF4A-44A2-B491-C3A1D0729FAF}.Release|Any CPU.ActiveCfg = Release|Any CPU
		{6B404E3A-BF4A-44A2-B491-C3A1D0729FAF}.Release|Any CPU.Build.0 = Release|Any CPU
	EndGlobalSection
	GlobalSection(NestedProjects) = preSolution
		{CC510D38-22E3-4A9B-9A7F-4EBC9837516F} = {9DE13495-3EF5-48B4-92EE-ABCC7880D58C}
		{3DBE8826-3270-45DA-A5DB-8C0C5F5CB427} = {9DE13495-3EF5-48B4-92EE-ABCC7880D58C}
		{E5ED6D98-A494-4C8A-875B-7A42FE3EF6A2} = {9DE13495-3EF5-48B4-92EE-ABCC7880D58C}
		{6B404E3A-BF4A-44A2-B491-C3A1D0729FAF} = {B490B38E-120E-4896-B0EC-B00B8E63453F}
	EndGlobalSection
EndGlobal
